
Microsoft Visual Studio Solution File, Format Version 12.00
# Visual Studio Version 17
VisualStudioVersion = 17.6.33815.320
MinimumVisualStudioVersion = 10.0.40219.1
Project("{FAE04EC0-301F-11D3-BF4B-00C04F79EFBC}") = "User Validation app", "User Validation app\User Validation app.csproj", "{2B3B439F-7EAA-4DCB-B939-60DD63BBEF69}"
EndProject
Global
	GlobalSection(SolutionConfigurationPlatforms) = preSolution
		Debug|Any CPU = Debug|Any CPU
		Release|Any CPU = Release|Any CPU
	EndGlobalSection
	GlobalSection(ProjectConfigurationPlatforms) = postSolution
		{2B3B439F-7EAA-4DCB-B939-60DD63BBEF69}.Debug|Any CPU.ActiveCfg = Debug|Any CPU
		{2B3B439F-7EAA-4DCB-B939-60DD63BBEF69}.Debug|Any CPU.Build.0 = Debug|Any CPU
		{2B3B439F-7EAA-4DCB-B939-60DD63BBEF69}.Release|Any CPU.ActiveCfg = Release|Any CPU
		{2B3B439F-7EAA-4DCB-B939-60DD63BBEF69}.Release|Any CPU.Build.0 = Release|Any CPU
	EndGlobalSection
	GlobalSection(SolutionProperties) = preSolution
		HideSolutionNode = FALSE
	EndGlobalSection
	GlobalSection(ExtensibilityGlobals) = postSolution
		SolutionGuid = {68F146A2-729D-4046-996D-9A6A231955D1}
	EndGlobalSection
EndGlobal
